
Microsoft Visual Studio Solution File, Format Version 12.00
# Visual Studio 14
VisualStudioVersion = 14.0.23107.0
MinimumVisualStudioVersion = 10.0.40219.1
Project("{FAE04EC0-301F-11D3-BF4B-00C04F79EFBC}") = "tunnikontroll", "tunnikontroll\tunnikontroll.csproj", "{BDBB37D1-C3BE-4489-B0F1-CB8E234864B7}"
EndProject
Global
	GlobalSection(SolutionConfigurationPlatforms) = preSolution
		Debug|Any CPU = Debug|Any CPU
		Release|Any CPU = Release|Any CPU
	EndGlobalSection
	GlobalSection(ProjectConfigurationPlatforms) = postSolution
		{BDBB37D1-C3BE-4489-B0F1-CB8E234864B7}.Debug|Any CPU.ActiveCfg = Debug|Any CPU
		{BDBB37D1-C3BE-4489-B0F1-CB8E234864B7}.Debug|Any CPU.Build.0 = Debug|Any CPU
		{BDBB37D1-C3BE-4489-B0F1-CB8E234864B7}.Release|Any CPU.ActiveCfg = Release|Any CPU
		{BDBB37D1-C3BE-4489-B0F1-CB8E234864B7}.Release|Any CPU.Build.0 = Release|Any CPU
	EndGlobalSection
	GlobalSection(SolutionProperties) = preSolution
		HideSolutionNode = FALSE
	EndGlobalSection
EndGlobal
